
Microsoft Visual Studio Solution File, Format Version 11.00
# Visual Studio 2010
Project("{FAE04EC0-301F-11D3-BF4B-00C04F79EFBC}") = "RemServer", "RemServer\RemServer.csproj", "{59A182CA-7E3E-4130-AA78-6D2E86E0EB4E}"
EndProject
Project("{FAE04EC0-301F-11D3-BF4B-00C04F79EFBC}") = "DataAccess.Entity", "DataAccess.Entity\DataAccess.Entity.csproj", "{B039AEFB-4059-4368-87BF-03545ACAB705}"
EndProject
Project("{FAE04EC0-301F-11D3-BF4B-00C04F79EFBC}") = "DataAccess.Base", "DataAccess.Base\DataAccess.Base.csproj", "{254BD540-00D8-46A2-9D35-39E8920B5750}"
EndProject
Project("{FAE04EC0-301F-11D3-BF4B-00C04F79EFBC}") = "BusinessProcess.Pharmacy", "BusinessProcess.Pharmacy\BusinessProcess.Pharmacy.csproj", "{F2ACE509-D1D0-4284-880E-B51173BF9F9E}"
EndProject
Project("{FAE04EC0-301F-11D3-BF4B-00C04F79EFBC}") = "BusinessProcess.Reports", "BusinessProcess.Reports\BusinessProcess.Reports.csproj", "{F839F099-3FD5-4733-8699-3683FFC32D87}"
EndProject
Project("{FAE04EC0-301F-11D3-BF4B-00C04F79EFBC}") = "Interface.Pharmacy", "Interface.Pharmacy\Interface.Pharmacy.csproj", "{ABC238D1-E5CA-4C6A-A944-483D603FE1D8}"
EndProject
Project("{FAE04EC0-301F-11D3-BF4B-00C04F79EFBC}") = "Interface.Reports", "Interface.Reports\Interface.Reports.csproj", "{844E3C1F-51F2-4FD5-922D-AF3EC9A49DA3}"
EndProject
Project("{FAE04EC0-301F-11D3-BF4B-00C04F79EFBC}") = "Application.BusinessProcess", "Application.BusinessProcess\Application.BusinessProcess.csproj", "{7E4C94BA-1706-49DE-BF5E-B5CA7170899E}"
EndProject
Project("{FAE04EC0-301F-11D3-BF4B-00C04F79EFBC}") = "Application.Common", "Application.Common\Application.Common.csproj", "{0D193582-0B9B-49A6-8E3D-D96582C6B524}"
EndProject
Project("{FAE04EC0-301F-11D3-BF4B-00C04F79EFBC}") = "Application.Interface", "Application.Interface\Application.Interface.csproj", "{22462AF4-C366-4401-88EF-285EA96EE3FA}"
EndProject
Project("{FAE04EC0-301F-11D3-BF4B-00C04F79EFBC}") = "BusinessProcess.Administration", "BusinessProcess.Administration\BusinessProcess.Administration.csproj", "{43C54C10-7642-4D56-8B1C-038E329346B3}"
EndProject
Project("{FAE04EC0-301F-11D3-BF4B-00C04F79EFBC}") = "Interface.Administration", "Interface.Administration\Interface.Administration.csproj", "{88425A40-338F-405B-BF91-D3A0E74863DE}"
EndProject
Project("{FAE04EC0-301F-11D3-BF4B-00C04F79EFBC}") = "BusinessProcess.Laboratory", "BusinessProcess.Laboratory\BusinessProcess.Laboratory.csproj", "{376C3F48-6B0E-4BF4-B622-0CC4606FA6AD}"
EndProject
Project("{FAE04EC0-301F-11D3-BF4B-00C04F79EFBC}") = "Interface.Laboratory", "Interface.Laboratory\Interface.Laboratory.csproj", "{8BEA1F24-AF9D-40E1-87E2-83D7CD66202B}"
EndProject
Project("{FAE04EC0-301F-11D3-BF4B-00C04F79EFBC}") = "BusinessProcess.Security", "BusinessProcess.Security\BusinessProcess.Security.csproj", "{E5753796-926B-47B2-8856-0CAEA6BED4B6}"
EndProject
Project("{FAE04EC0-301F-11D3-BF4B-00C04F79EFBC}") = "Interface.Security", "Interface.Security\Interface.Security.csproj", "{E467EBA1-5014-43C1-9C72-3659181AA125}"
EndProject
Project("{FAE04EC0-301F-11D3-BF4B-00C04F79EFBC}") = "BusinessProcess.Clinical", "BusinessProcess.Clinical\BusinessProcess.Clinical.csproj", "{3A0E522E-2794-4044-B6BD-89F880485C6B}"
EndProject
Project("{FAE04EC0-301F-11D3-BF4B-00C04F79EFBC}") = "Interface.Clinical", "Interface.Clinical\Interface.Clinical.csproj", "{6CB08200-E2E0-44B3-B877-2564F2E4A4EA}"
EndProject
Project("{FAE04EC0-301F-11D3-BF4B-00C04F79EFBC}") = "BusinessProcess.Scheduler", "BusinessProcess.Scheduler\BusinessProcess.Scheduler.csproj", "{906F49BF-520A-45AD-89EB-2E4FCC8B59E2}"
EndProject
Project("{FAE04EC0-301F-11D3-BF4B-00C04F79EFBC}") = "Interface.Scheduler", "Interface.Scheduler\Interface.Scheduler.csproj", "{31A707F4-21CB-426A-AE6F-964E57BC561B}"
EndProject
Project("{FAE04EC0-301F-11D3-BF4B-00C04F79EFBC}") = "RemServer.Service", "RemServer.Service\RemServer.Service.csproj", "{32C66861-E9CC-40F6-A791-8E8A4C864A34}"
EndProject
Project("{FAE04EC0-301F-11D3-BF4B-00C04F79EFBC}") = "DataAccess.Common", "DataAccess.Common\DataAccess.Common.csproj", "{FA6D554F-BC52-454A-89D5-F8E576B3843E}"
EndProject
Project("{FAE04EC0-301F-11D3-BF4B-00C04F79EFBC}") = "BusinessProcess.Service", "BusinessProcess.Service\BusinessProcess.Service.csproj", "{D4E4D2B3-1287-45B9-8C39-241387CA54C8}"
EndProject
Project("{FAE04EC0-301F-11D3-BF4B-00C04F79EFBC}") = "Interface.Service", "Interface.Service\Interface.Service.csproj", "{931D6A00-5F40-4BA6-80B4-3FA8D4D92FA9}"
EndProject
Project("{FAE04EC0-301F-11D3-BF4B-00C04F79EFBC}") = "BusinessProcess.FormBuilder", "BusinessProcess.FormBuilder\BusinessProcess.FormBuilder.csproj", "{0FB67E76-16ED-4F07-BCDB-2DDDACFEAFA5}"
EndProject
Project("{FAE04EC0-301F-11D3-BF4B-00C04F79EFBC}") = "Interface.FormBuilder", "Interface.FormBuilder\Interface.FormBuilder.csproj", "{E83CF190-4C3E-4A52-8F70-B92863176A70}"
EndProject
Project("{54435603-DBB4-11D2-8724-00A0C9A8B90C}") = "IQCareService", "IQCareService\IQCareService.vdproj", "{97BB56A0-8375-485F-95F2-CAAD3E48DBBD}"
EndProject
Project("{FAE04EC0-301F-11D3-BF4B-00C04F79EFBC}") = "BusinessProcess.SCM", "BusinessProcess.SCM\BusinessProcess.SCM.csproj", "{17D04A78-611C-465B-A128-4214BFF52687}"
EndProject
Project("{FAE04EC0-301F-11D3-BF4B-00C04F79EFBC}") = "Interface.SCM", "Interface.SCM\Interface.SCM.csproj", "{F7FD68D2-006E-41AC-90A7-887A3EA6A1BC}"
EndProject
Global
	GlobalSection(TeamFoundationVersionControl) = preSolution
		SccNumberOfProjects = 30
		SccEnterpriseProvider = {4CA58AB2-18FA-4F8D-95D4-32DDF27D184C}
		SccTeamFoundationServer = http://192.168.0.2:8080/tfs/defaultcollection
		SccLocalPath0 = .
		SccProjectUniqueName1 = Interface.Pharmacy\\Interface.Pharmacy.csproj
		SccProjectName1 = Interface.Pharmacy
		SccLocalPath1 = Interface.Pharmacy
		SccProjectUniqueName2 = Interface.Reports\\Interface.Reports.csproj
		SccProjectName2 = Interface.Reports
		SccLocalPath2 = Interface.Reports
		SccProjectUniqueName3 = Application.Common\\Application.Common.csproj
		SccProjectName3 = Application.Common
		SccLocalPath3 = Application.Common
		SccProjectUniqueName4 = Application.Interface\\Application.Interface.csproj
		SccProjectName4 = Application.Interface
		SccLocalPath4 = Application.Interface
		SccProjectUniqueName5 = Interface.Administration\\Interface.Administration.csproj
		SccProjectName5 = Interface.Administration
		SccLocalPath5 = Interface.Administration
		SccProjectUniqueName6 = Interface.Laboratory\\Interface.Laboratory.csproj
		SccProjectName6 = Interface.Laboratory
		SccLocalPath6 = Interface.Laboratory
		SccProjectUniqueName7 = Interface.Security\\Interface.Security.csproj
		SccProjectName7 = Interface.Security
		SccLocalPath7 = Interface.Security
		SccProjectUniqueName8 = Interface.Clinical\\Interface.Clinical.csproj
		SccProjectName8 = Interface.Clinical
		SccLocalPath8 = Interface.Clinical
		SccProjectUniqueName9 = Interface.Scheduler\\Interface.Scheduler.csproj
		SccProjectName9 = Interface.Scheduler
		SccLocalPath9 = Interface.Scheduler
		SccProjectUniqueName10 = Interface.Service\\Interface.Service.csproj
		SccProjectName10 = Interface.Service
		SccLocalPath10 = Interface.Service
		SccProjectUniqueName11 = Interface.FormBuilder\\Interface.FormBuilder.csproj
		SccProjectName11 = Interface.FormBuilder
		SccLocalPath11 = Interface.FormBuilder
		SccProjectUniqueName12 = Interface.SCM\\Interface.SCM.csproj
		SccProjectName12 = Interface.SCM
		SccLocalPath12 = Interface.SCM
		SccProjectUniqueName13 = Application.BusinessProcess\\Application.BusinessProcess.csproj
		SccProjectName13 = Application.BusinessProcess
		SccLocalPath13 = Application.BusinessProcess
		SccProjectUniqueName14 = BusinessProcess.Administration\\BusinessProcess.Administration.csproj
		SccProjectName14 = BusinessProcess.Administration
		SccLocalPath14 = BusinessProcess.Administration
		SccProjectUniqueName15 = BusinessProcess.Clinical\\BusinessProcess.Clinical.csproj
		SccProjectName15 = BusinessProcess.Clinical
		SccLocalPath15 = BusinessProcess.Clinical
		SccProjectUniqueName16 = BusinessProcess.FormBuilder\\BusinessProcess.FormBuilder.csproj
		SccProjectName16 = BusinessProcess.FormBuilder
		SccLocalPath16 = BusinessProcess.FormBuilder
		SccProjectUniqueName17 = BusinessProcess.Laboratory\\BusinessProcess.Laboratory.csproj
		SccProjectName17 = BusinessProcess.Laboratory
		SccLocalPath17 = BusinessProcess.Laboratory
		SccProjectUniqueName18 = BusinessProcess.Pharmacy\\BusinessProcess.Pharmacy.csproj
		SccProjectName18 = BusinessProcess.Pharmacy
		SccLocalPath18 = BusinessProcess.Pharmacy
		SccProjectUniqueName19 = BusinessProcess.Reports\\BusinessProcess.Reports.csproj
		SccProjectName19 = BusinessProcess.Reports
		SccLocalPath19 = BusinessProcess.Reports
		SccProjectUniqueName20 = BusinessProcess.Scheduler\\BusinessProcess.Scheduler.csproj
		SccProjectName20 = BusinessProcess.Scheduler
		SccLocalPath20 = BusinessProcess.Scheduler
		SccProjectUniqueName21 = BusinessProcess.SCM\\BusinessProcess.SCM.csproj
		SccProjectName21 = BusinessProcess.SCM
		SccLocalPath21 = BusinessProcess.SCM
		SccProjectUniqueName22 = BusinessProcess.Security\\BusinessProcess.Security.csproj
		SccProjectName22 = BusinessProcess.Security
		SccLocalPath22 = BusinessProcess.Security
		SccProjectUniqueName23 = BusinessProcess.Service\\BusinessProcess.Service.csproj
		SccProjectName23 = BusinessProcess.Service
		SccLocalPath23 = BusinessProcess.Service
		SccProjectUniqueName24 = DataAccess.Base\\DataAccess.Base.csproj
		SccProjectName24 = DataAccess.Base
		SccLocalPath24 = DataAccess.Base
		SccProjectUniqueName25 = DataAccess.Common\\DataAccess.Common.csproj
		SccProjectName25 = DataAccess.Common
		SccLocalPath25 = DataAccess.Common
		SccProjectUniqueName26 = DataAccess.Entity\\DataAccess.Entity.csproj
		SccProjectName26 = DataAccess.Entity
		SccLocalPath26 = DataAccess.Entity
		SccProjectUniqueName27 = IQCareService\\IQCareService.vdproj
		SccProjectName27 = IQCareService
		SccLocalPath27 = IQCareService
		SccProjectUniqueName28 = RemServer\\RemServer.csproj
		SccProjectName28 = RemServer
		SccLocalPath28 = RemServer
		SccProjectUniqueName29 = RemServer.Service\\RemServer.Service.csproj
		SccProjectName29 = RemServer.Service
		SccLocalPath29 = RemServer.Service
	EndGlobalSection
	GlobalSection(SolutionConfigurationPlatforms) = preSolution
		Debug|Any CPU = Debug|Any CPU
		Release|Any CPU = Release|Any CPU
	EndGlobalSection
	GlobalSection(ProjectConfigurationPlatforms) = postSolution
		{59A182CA-7E3E-4130-AA78-6D2E86E0EB4E}.Debug|Any CPU.ActiveCfg = Debug|Any CPU
		{59A182CA-7E3E-4130-AA78-6D2E86E0EB4E}.Debug|Any CPU.Build.0 = Debug|Any CPU
		{59A182CA-7E3E-4130-AA78-6D2E86E0EB4E}.Release|Any CPU.ActiveCfg = Release|Any CPU
		{59A182CA-7E3E-4130-AA78-6D2E86E0EB4E}.Release|Any CPU.Build.0 = Release|Any CPU
		{B039AEFB-4059-4368-87BF-03545ACAB705}.Debug|Any CPU.ActiveCfg = Debug|Any CPU
		{B039AEFB-4059-4368-87BF-03545ACAB705}.Debug|Any CPU.Build.0 = Debug|Any CPU
		{B039AEFB-4059-4368-87BF-03545ACAB705}.Release|Any CPU.ActiveCfg = Release|Any CPU
		{B039AEFB-4059-4368-87BF-03545ACAB705}.Release|Any CPU.Build.0 = Release|Any CPU
		{254BD540-00D8-46A2-9D35-39E8920B5750}.Debug|Any CPU.ActiveCfg = Debug|Any CPU
		{254BD540-00D8-46A2-9D35-39E8920B5750}.Debug|Any CPU.Build.0 = Debug|Any CPU
		{254BD540-00D8-46A2-9D35-39E8920B5750}.Release|Any CPU.ActiveCfg = Release|Any CPU
		{254BD540-00D8-46A2-9D35-39E8920B5750}.Release|Any CPU.Build.0 = Release|Any CPU
		{F2ACE509-D1D0-4284-880E-B51173BF9F9E}.Debug|Any CPU.ActiveCfg = Debug|Any CPU
		{F2ACE509-D1D0-4284-880E-B51173BF9F9E}.Debug|Any CPU.Build.0 = Debug|Any CPU
		{F2ACE509-D1D0-4284-880E-B51173BF9F9E}.Release|Any CPU.ActiveCfg = Release|Any CPU
		{F2ACE509-D1D0-4284-880E-B51173BF9F9E}.Release|Any CPU.Build.0 = Release|Any CPU
		{F839F099-3FD5-4733-8699-3683FFC32D87}.Debug|Any CPU.ActiveCfg = Debug|Any CPU
		{F839F099-3FD5-4733-8699-3683FFC32D87}.Debug|Any CPU.Build.0 = Debug|Any CPU
		{F839F099-3FD5-4733-8699-3683FFC32D87}.Release|Any CPU.ActiveCfg = Release|Any CPU
		{F839F099-3FD5-4733-8699-3683FFC32D87}.Release|Any CPU.Build.0 = Release|Any CPU
		{ABC238D1-E5CA-4C6A-A944-483D603FE1D8}.Debug|Any CPU.ActiveCfg = Debug|Any CPU
		{ABC238D1-E5CA-4C6A-A944-483D603FE1D8}.Debug|Any CPU.Build.0 = Debug|Any CPU
		{ABC238D1-E5CA-4C6A-A944-483D603FE1D8}.Release|Any CPU.ActiveCfg = Release|Any CPU
		{ABC238D1-E5CA-4C6A-A944-483D603FE1D8}.Release|Any CPU.Build.0 = Release|Any CPU
		{844E3C1F-51F2-4FD5-922D-AF3EC9A49DA3}.Debug|Any CPU.ActiveCfg = Debug|Any CPU
		{844E3C1F-51F2-4FD5-922D-AF3EC9A49DA3}.Debug|Any CPU.Build.0 = Debug|Any CPU
		{844E3C1F-51F2-4FD5-922D-AF3EC9A49DA3}.Release|Any CPU.ActiveCfg = Release|Any CPU
		{844E3C1F-51F2-4FD5-922D-AF3EC9A49DA3}.Release|Any CPU.Build.0 = Release|Any CPU
		{7E4C94BA-1706-49DE-BF5E-B5CA7170899E}.Debug|Any CPU.ActiveCfg = Debug|Any CPU
		{7E4C94BA-1706-49DE-BF5E-B5CA7170899E}.Debug|Any CPU.Build.0 = Debug|Any CPU
		{7E4C94BA-1706-49DE-BF5E-B5CA7170899E}.Release|Any CPU.ActiveCfg = Release|Any CPU
		{7E4C94BA-1706-49DE-BF5E-B5CA7170899E}.Release|Any CPU.Build.0 = Release|Any CPU
		{0D193582-0B9B-49A6-8E3D-D96582C6B524}.Debug|Any CPU.ActiveCfg = Debug|Any CPU
		{0D193582-0B9B-49A6-8E3D-D96582C6B524}.Debug|Any CPU.Build.0 = Debug|Any CPU
		{0D193582-0B9B-49A6-8E3D-D96582C6B524}.Release|Any CPU.ActiveCfg = Release|Any CPU
		{0D193582-0B9B-49A6-8E3D-D96582C6B524}.Release|Any CPU.Build.0 = Release|Any CPU
		{22462AF4-C366-4401-88EF-285EA96EE3FA}.Debug|Any CPU.ActiveCfg = Debug|Any CPU
		{22462AF4-C366-4401-88EF-285EA96EE3FA}.Debug|Any CPU.Build.0 = Debug|Any CPU
		{22462AF4-C366-4401-88EF-285EA96EE3FA}.Release|Any CPU.ActiveCfg = Release|Any CPU
		{22462AF4-C366-4401-88EF-285EA96EE3FA}.Release|Any CPU.Build.0 = Release|Any CPU
		{43C54C10-7642-4D56-8B1C-038E329346B3}.Debug|Any CPU.ActiveCfg = Debug|Any CPU
		{43C54C10-7642-4D56-8B1C-038E329346B3}.Debug|Any CPU.Build.0 = Debug|Any CPU
		{43C54C10-7642-4D56-8B1C-038E329346B3}.Release|Any CPU.ActiveCfg = Release|Any CPU
		{43C54C10-7642-4D56-8B1C-038E329346B3}.Release|Any CPU.Build.0 = Release|Any CPU
		{88425A40-338F-405B-BF91-D3A0E74863DE}.Debug|Any CPU.ActiveCfg = Debug|Any CPU
		{88425A40-338F-405B-BF91-D3A0E74863DE}.Debug|Any CPU.Build.0 = Debug|Any CPU
		{88425A40-338F-405B-BF91-D3A0E74863DE}.Release|Any CPU.ActiveCfg = Release|Any CPU
		{88425A40-338F-405B-BF91-D3A0E74863DE}.Release|Any CPU.Build.0 = Release|Any CPU
		{376C3F48-6B0E-4BF4-B622-0CC4606FA6AD}.Debug|Any CPU.ActiveCfg = Debug|Any CPU
		{376C3F48-6B0E-4BF4-B622-0CC4606FA6AD}.Debug|Any CPU.Build.0 = Debug|Any CPU
		{376C3F48-6B0E-4BF4-B622-0CC4606FA6AD}.Release|Any CPU.ActiveCfg = Release|Any CPU
		{376C3F48-6B0E-4BF4-B622-0CC4606FA6AD}.Release|Any CPU.Build.0 = Release|Any CPU
		{8BEA1F24-AF9D-40E1-87E2-83D7CD66202B}.Debug|Any CPU.ActiveCfg = Debug|Any CPU
		{8BEA1F24-AF9D-40E1-87E2-83D7CD66202B}.Debug|Any CPU.Build.0 = Debug|Any CPU
		{8BEA1F24-AF9D-40E1-87E2-83D7CD66202B}.Release|Any CPU.ActiveCfg = Release|Any CPU
		{8BEA1F24-AF9D-40E1-87E2-83D7CD66202B}.Release|Any CPU.Build.0 = Release|Any CPU
		{E5753796-926B-47B2-8856-0CAEA6BED4B6}.Debug|Any CPU.ActiveCfg = Debug|Any CPU
		{E5753796-926B-47B2-8856-0CAEA6BED4B6}.Debug|Any CPU.Build.0 = Debug|Any CPU
		{E5753796-926B-47B2-8856-0CAEA6BED4B6}.Release|Any CPU.ActiveCfg = Release|Any CPU
		{E5753796-926B-47B2-8856-0CAEA6BED4B6}.Release|Any CPU.Build.0 = Release|Any CPU
		{E467EBA1-5014-43C1-9C72-3659181AA125}.Debug|Any CPU.ActiveCfg = Debug|Any CPU
		{E467EBA1-5014-43C1-9C72-3659181AA125}.Debug|Any CPU.Build.0 = Debug|Any CPU
		{E467EBA1-5014-43C1-9C72-3659181AA125}.Release|Any CPU.ActiveCfg = Release|Any CPU
		{E467EBA1-5014-43C1-9C72-3659181AA125}.Release|Any CPU.Build.0 = Release|Any CPU
		{3A0E522E-2794-4044-B6BD-89F880485C6B}.Debug|Any CPU.ActiveCfg = Debug|Any CPU
		{3A0E522E-2794-4044-B6BD-89F880485C6B}.Debug|Any CPU.Build.0 = Debug|Any CPU
		{3A0E522E-2794-4044-B6BD-89F880485C6B}.Release|Any CPU.ActiveCfg = Release|Any CPU
		{3A0E522E-2794-4044-B6BD-89F880485C6B}.Release|Any CPU.Build.0 = Release|Any CPU
		{6CB08200-E2E0-44B3-B877-2564F2E4A4EA}.Debug|Any CPU.ActiveCfg = Debug|Any CPU
		{6CB08200-E2E0-44B3-B877-2564F2E4A4EA}.Debug|Any CPU.Build.0 = Debug|Any CPU
		{6CB08200-E2E0-44B3-B877-2564F2E4A4EA}.Release|Any CPU.ActiveCfg = Release|Any CPU
		{6CB08200-E2E0-44B3-B877-2564F2E4A4EA}.Release|Any CPU.Build.0 = Release|Any CPU
		{906F49BF-520A-45AD-89EB-2E4FCC8B59E2}.Debug|Any CPU.ActiveCfg = Debug|Any CPU
		{906F49BF-520A-45AD-89EB-2E4FCC8B59E2}.Debug|Any CPU.Build.0 = Debug|Any CPU
		{906F49BF-520A-45AD-89EB-2E4FCC8B59E2}.Release|Any CPU.ActiveCfg = Release|Any CPU
		{906F49BF-520A-45AD-89EB-2E4FCC8B59E2}.Release|Any CPU.Build.0 = Release|Any CPU
		{31A707F4-21CB-426A-AE6F-964E57BC561B}.Debug|Any CPU.ActiveCfg = Debug|Any CPU
		{31A707F4-21CB-426A-AE6F-964E57BC561B}.Debug|Any CPU.Build.0 = Debug|Any CPU
		{31A707F4-21CB-426A-AE6F-964E57BC561B}.Release|Any CPU.ActiveCfg = Release|Any CPU
		{31A707F4-21CB-426A-AE6F-964E57BC561B}.Release|Any CPU.Build.0 = Release|Any CPU
		{32C66861-E9CC-40F6-A791-8E8A4C864A34}.Debug|Any CPU.ActiveCfg = Debug|Any CPU
		{32C66861-E9CC-40F6-A791-8E8A4C864A34}.Debug|Any CPU.Build.0 = Debug|Any CPU
		{32C66861-E9CC-40F6-A791-8E8A4C864A34}.Release|Any CPU.ActiveCfg = Release|Any CPU
		{32C66861-E9CC-40F6-A791-8E8A4C864A34}.Release|Any CPU.Build.0 = Release|Any CPU
		{FA6D554F-BC52-454A-89D5-F8E576B3843E}.Debug|Any CPU.ActiveCfg = Debug|Any CPU
		{FA6D554F-BC52-454A-89D5-F8E576B3843E}.Debug|Any CPU.Build.0 = Debug|Any CPU
		{FA6D554F-BC52-454A-89D5-F8E576B3843E}.Release|Any CPU.ActiveCfg = Release|Any CPU
		{FA6D554F-BC52-454A-89D5-F8E576B3843E}.Release|Any CPU.Build.0 = Release|Any CPU
		{D4E4D2B3-1287-45B9-8C39-241387CA54C8}.Debug|Any CPU.ActiveCfg = Debug|Any CPU
		{D4E4D2B3-1287-45B9-8C39-241387CA54C8}.Debug|Any CPU.Build.0 = Debug|Any CPU
		{D4E4D2B3-1287-45B9-8C39-241387CA54C8}.Release|Any CPU.ActiveCfg = Release|Any CPU
		{D4E4D2B3-1287-45B9-8C39-241387CA54C8}.Release|Any CPU.Build.0 = Release|Any CPU
		{931D6A00-5F40-4BA6-80B4-3FA8D4D92FA9}.Debug|Any CPU.ActiveCfg = Debug|Any CPU
		{931D6A00-5F40-4BA6-80B4-3FA8D4D92FA9}.Debug|Any CPU.Build.0 = Debug|Any CPU
		{931D6A00-5F40-4BA6-80B4-3FA8D4D92FA9}.Release|Any CPU.ActiveCfg = Release|Any CPU
		{931D6A00-5F40-4BA6-80B4-3FA8D4D92FA9}.Release|Any CPU.Build.0 = Release|Any CPU
		{0FB67E76-16ED-4F07-BCDB-2DDDACFEAFA5}.Debug|Any CPU.ActiveCfg = Debug|Any CPU
		{0FB67E76-16ED-4F07-BCDB-2DDDACFEAFA5}.Debug|Any CPU.Build.0 = Debug|Any CPU
		{0FB67E76-16ED-4F07-BCDB-2DDDACFEAFA5}.Release|Any CPU.ActiveCfg = Release|Any CPU
		{0FB67E76-16ED-4F07-BCDB-2DDDACFEAFA5}.Release|Any CPU.Build.0 = Release|Any CPU
		{E83CF190-4C3E-4A52-8F70-B92863176A70}.Debug|Any CPU.ActiveCfg = Debug|Any CPU
		{E83CF190-4C3E-4A52-8F70-B92863176A70}.Debug|Any CPU.Build.0 = Debug|Any CPU
		{E83CF190-4C3E-4A52-8F70-B92863176A70}.Release|Any CPU.ActiveCfg = Release|Any CPU
		{E83CF190-4C3E-4A52-8F70-B92863176A70}.Release|Any CPU.Build.0 = Release|Any CPU
		{97BB56A0-8375-485F-95F2-CAAD3E48DBBD}.Debug|Any CPU.ActiveCfg = Debug
		{97BB56A0-8375-485F-95F2-CAAD3E48DBBD}.Release|Any CPU.ActiveCfg = Release
		{97BB56A0-8375-485F-95F2-CAAD3E48DBBD}.Release|Any CPU.Build.0 = Release
		{17D04A78-611C-465B-A128-4214BFF52687}.Debug|Any CPU.ActiveCfg = Debug|Any CPU
		{17D04A78-611C-465B-A128-4214BFF52687}.Debug|Any CPU.Build.0 = Debug|Any CPU
		{17D04A78-611C-465B-A128-4214BFF52687}.Release|Any CPU.ActiveCfg = Release|Any CPU
		{17D04A78-611C-465B-A128-4214BFF52687}.Release|Any CPU.Build.0 = Release|Any CPU
		{F7FD68D2-006E-41AC-90A7-887A3EA6A1BC}.Debug|Any CPU.ActiveCfg = Debug|Any CPU
		{F7FD68D2-006E-41AC-90A7-887A3EA6A1BC}.Debug|Any CPU.Build.0 = Debug|Any CPU
		{F7FD68D2-006E-41AC-90A7-887A3EA6A1BC}.Release|Any CPU.ActiveCfg = Release|Any CPU
		{F7FD68D2-006E-41AC-90A7-887A3EA6A1BC}.Release|Any CPU.Build.0 = Release|Any CPU
	EndGlobalSection
	GlobalSection(SolutionProperties) = preSolution
		HideSolutionNode = FALSE
	EndGlobalSection
EndGlobal
