
Microsoft Visual Studio Solution File, Format Version 11.00
# Visual Studio 2010
Project("{54435603-DBB4-11D2-8724-00A0C9A8B90C}") = "IQCare", "IQCare\IQCare.vdproj", "{0BE35187-E580-4AA5-B708-F4D553C5B86D}"
EndProject
Project("{FAE04EC0-301F-11D3-BF4B-00C04F79EFBC}") = "IQCare_Graphs", "IQCare_Graphs\IQCare_Graphs\IQCare_Graphs.csproj", "{4E1A5391-0F22-41BA-8210-644ECFE67076}"
EndProject
Project("{FAE04EC0-301F-11D3-BF4B-00C04F79EFBC}") = "Facility.Reports", "Facility.Reports\Facility.Reports.csproj", "{FA606932-E3D3-4445-A861-2A71134B919C}"
EndProject
Project("{FAE04EC0-301F-11D3-BF4B-00C04F79EFBC}") = "PresentationApp", "PresentationApp\PresentationApp.csproj", "{E33ABCF3-B47E-4760-9B94-1A62926947D5}"
	ProjectSection(ProjectDependencies) = postProject
		{FA606932-E3D3-4445-A861-2A71134B919C} = {FA606932-E3D3-4445-A861-2A71134B919C}
		{4E1A5391-0F22-41BA-8210-644ECFE67076} = {4E1A5391-0F22-41BA-8210-644ECFE67076}
	EndProjectSection
EndProject
Project("{FAE04EC0-301F-11D3-BF4B-00C04F79EFBC}") = "Application.Presentation", "Application.Presentation\Application.Presentation.csproj", "{2E7534C9-101D-4B6D-8E57-056101E4D54D}"
EndProject
Project("{2CFEAB61-6A3B-4EB8-B523-560B4BEEF521}") = "PresentationApp.deploy", "PresentationApp.deploy\PresentationApp.deploy.wdproj", "{886A34DA-6701-45DC-BE6F-89D9532C9F93}"
EndProject
Global
	GlobalSection(TeamFoundationVersionControl) = preSolution
		SccNumberOfProjects = 7
		SccEnterpriseProvider = {4CA58AB2-18FA-4F8D-95D4-32DDF27D184C}
		SccTeamFoundationServer = http://192.168.0.2:8080/tfs/defaultcollection
		SccLocalPath0 = .
		SccProjectUniqueName1 = IQCare\\IQCare.vdproj
		SccProjectName1 = IQCare
		SccLocalPath1 = IQCare
		SccProjectUniqueName2 = IQCare_Graphs\\IQCare_Graphs\\IQCare_Graphs.csproj
		SccProjectName2 = IQCare_Graphs/IQCare_Graphs
		SccLocalPath2 = IQCare_Graphs\\IQCare_Graphs
		SccProjectUniqueName3 = Facility.Reports\\Facility.Reports.csproj
		SccProjectName3 = Facility.Reports
		SccLocalPath3 = Facility.Reports
		SccProjectUniqueName4 = PresentationApp\\PresentationApp.csproj
		SccProjectName4 = PresentationApp
		SccLocalPath4 = PresentationApp
		SccProjectUniqueName5 = Application.Presentation\\Application.Presentation.csproj
		SccProjectName5 = Application.Presentation
		SccLocalPath5 = Application.Presentation
		SccProjectUniqueName6 = PresentationApp.deploy\\PresentationApp.deploy.wdproj
		SccProjectName6 = PresentationApp.deploy
		SccLocalPath6 = PresentationApp.deploy
	EndGlobalSection
	GlobalSection(SolutionConfigurationPlatforms) = preSolution
		Debug|.NET = Debug|.NET
		Debug|Any CPU = Debug|Any CPU
		Debug|Mixed Platforms = Debug|Mixed Platforms
		Release|.NET = Release|.NET
		Release|Any CPU = Release|Any CPU
		Release|Mixed Platforms = Release|Mixed Platforms
	EndGlobalSection
	GlobalSection(ProjectConfigurationPlatforms) = postSolution
		{0BE35187-E580-4AA5-B708-F4D553C5B86D}.Debug|.NET.ActiveCfg = Debug
		{0BE35187-E580-4AA5-B708-F4D553C5B86D}.Debug|Any CPU.ActiveCfg = Debug
		{0BE35187-E580-4AA5-B708-F4D553C5B86D}.Debug|Mixed Platforms.ActiveCfg = Debug
		{0BE35187-E580-4AA5-B708-F4D553C5B86D}.Release|.NET.ActiveCfg = Release
		{0BE35187-E580-4AA5-B708-F4D553C5B86D}.Release|Any CPU.ActiveCfg = Release
		{0BE35187-E580-4AA5-B708-F4D553C5B86D}.Release|Any CPU.Build.0 = Release
		{0BE35187-E580-4AA5-B708-F4D553C5B86D}.Release|Mixed Platforms.ActiveCfg = Release
		{0BE35187-E580-4AA5-B708-F4D553C5B86D}.Release|Mixed Platforms.Build.0 = Release
		{4E1A5391-0F22-41BA-8210-644ECFE67076}.Debug|.NET.ActiveCfg = Debug|Any CPU
		{4E1A5391-0F22-41BA-8210-644ECFE67076}.Debug|Any CPU.ActiveCfg = Debug|Any CPU
		{4E1A5391-0F22-41BA-8210-644ECFE67076}.Debug|Mixed Platforms.ActiveCfg = Debug|Any CPU
		{4E1A5391-0F22-41BA-8210-644ECFE67076}.Debug|Mixed Platforms.Build.0 = Debug|Any CPU
		{4E1A5391-0F22-41BA-8210-644ECFE67076}.Release|.NET.ActiveCfg = Release|Any CPU
		{4E1A5391-0F22-41BA-8210-644ECFE67076}.Release|Any CPU.ActiveCfg = Release|Any CPU
		{4E1A5391-0F22-41BA-8210-644ECFE67076}.Release|Any CPU.Build.0 = Release|Any CPU
		{4E1A5391-0F22-41BA-8210-644ECFE67076}.Release|Mixed Platforms.ActiveCfg = Release|Any CPU
		{4E1A5391-0F22-41BA-8210-644ECFE67076}.Release|Mixed Platforms.Build.0 = Release|Any CPU
		{FA606932-E3D3-4445-A861-2A71134B919C}.Debug|.NET.ActiveCfg = Debug|Any CPU
		{FA606932-E3D3-4445-A861-2A71134B919C}.Debug|Any CPU.ActiveCfg = Debug|Any CPU
		{FA606932-E3D3-4445-A861-2A71134B919C}.Debug|Any CPU.Build.0 = Debug|Any CPU
		{FA606932-E3D3-4445-A861-2A71134B919C}.Debug|Mixed Platforms.ActiveCfg = Debug|Any CPU
		{FA606932-E3D3-4445-A861-2A71134B919C}.Debug|Mixed Platforms.Build.0 = Debug|Any CPU
		{FA606932-E3D3-4445-A861-2A71134B919C}.Release|.NET.ActiveCfg = Release|Any CPU
		{FA606932-E3D3-4445-A861-2A71134B919C}.Release|Any CPU.ActiveCfg = Release|Any CPU
		{FA606932-E3D3-4445-A861-2A71134B919C}.Release|Any CPU.Build.0 = Release|Any CPU
		{FA606932-E3D3-4445-A861-2A71134B919C}.Release|Mixed Platforms.ActiveCfg = Release|Any CPU
		{FA606932-E3D3-4445-A861-2A71134B919C}.Release|Mixed Platforms.Build.0 = Release|Any CPU
		{E33ABCF3-B47E-4760-9B94-1A62926947D5}.Debug|.NET.ActiveCfg = Debug|Any CPU
		{E33ABCF3-B47E-4760-9B94-1A62926947D5}.Debug|Any CPU.ActiveCfg = Debug|Any CPU
		{E33ABCF3-B47E-4760-9B94-1A62926947D5}.Debug|Any CPU.Build.0 = Debug|Any CPU
		{E33ABCF3-B47E-4760-9B94-1A62926947D5}.Debug|Mixed Platforms.ActiveCfg = Debug|Any CPU
		{E33ABCF3-B47E-4760-9B94-1A62926947D5}.Debug|Mixed Platforms.Build.0 = Debug|Any CPU
		{E33ABCF3-B47E-4760-9B94-1A62926947D5}.Release|.NET.ActiveCfg = Release|Any CPU
		{E33ABCF3-B47E-4760-9B94-1A62926947D5}.Release|Any CPU.ActiveCfg = Release|Any CPU
		{E33ABCF3-B47E-4760-9B94-1A62926947D5}.Release|Any CPU.Build.0 = Release|Any CPU
		{E33ABCF3-B47E-4760-9B94-1A62926947D5}.Release|Mixed Platforms.ActiveCfg = Release|Any CPU
		{E33ABCF3-B47E-4760-9B94-1A62926947D5}.Release|Mixed Platforms.Build.0 = Release|Any CPU
		{2E7534C9-101D-4B6D-8E57-056101E4D54D}.Debug|.NET.ActiveCfg = Debug|Any CPU
		{2E7534C9-101D-4B6D-8E57-056101E4D54D}.Debug|Any CPU.ActiveCfg = Debug|Any CPU
		{2E7534C9-101D-4B6D-8E57-056101E4D54D}.Debug|Any CPU.Build.0 = Debug|Any CPU
		{2E7534C9-101D-4B6D-8E57-056101E4D54D}.Debug|Mixed Platforms.ActiveCfg = Debug|Any CPU
		{2E7534C9-101D-4B6D-8E57-056101E4D54D}.Debug|Mixed Platforms.Build.0 = Debug|Any CPU
		{2E7534C9-101D-4B6D-8E57-056101E4D54D}.Release|.NET.ActiveCfg = Release|Any CPU
		{2E7534C9-101D-4B6D-8E57-056101E4D54D}.Release|Any CPU.ActiveCfg = Release|Any CPU
		{2E7534C9-101D-4B6D-8E57-056101E4D54D}.Release|Any CPU.Build.0 = Release|Any CPU
		{2E7534C9-101D-4B6D-8E57-056101E4D54D}.Release|Mixed Platforms.ActiveCfg = Release|Any CPU
		{2E7534C9-101D-4B6D-8E57-056101E4D54D}.Release|Mixed Platforms.Build.0 = Release|Any CPU
		{886A34DA-6701-45DC-BE6F-89D9532C9F93}.Debug|.NET.ActiveCfg = Debug|Any CPU
		{886A34DA-6701-45DC-BE6F-89D9532C9F93}.Debug|Any CPU.ActiveCfg = Debug|Any CPU
		{886A34DA-6701-45DC-BE6F-89D9532C9F93}.Debug|Any CPU.Build.0 = Debug|Any CPU
		{886A34DA-6701-45DC-BE6F-89D9532C9F93}.Debug|Mixed Platforms.ActiveCfg = Release|Any CPU
		{886A34DA-6701-45DC-BE6F-89D9532C9F93}.Release|.NET.ActiveCfg = Release|Any CPU
		{886A34DA-6701-45DC-BE6F-89D9532C9F93}.Release|Any CPU.ActiveCfg = Release|Any CPU
		{886A34DA-6701-45DC-BE6F-89D9532C9F93}.Release|Any CPU.Build.0 = Release|Any CPU
		{886A34DA-6701-45DC-BE6F-89D9532C9F93}.Release|Mixed Platforms.ActiveCfg = Release|Any CPU
		{886A34DA-6701-45DC-BE6F-89D9532C9F93}.Release|Mixed Platforms.Build.0 = Release|Any CPU
	EndGlobalSection
	GlobalSection(SolutionProperties) = preSolution
		HideSolutionNode = FALSE
	EndGlobalSection
EndGlobal
